// !$*UTF8*$!
{
	archiveVersion = 1;
	classes = {
	};
	objectVersion = 46;
	objects = {

/* Begin PBXBuildFile section */
		A019F0411CA84231005D4F71 /* MathViewController.m in Sources */ = {isa = PBXBuildFile; fileRef = A019F0401CA84231005D4F71 /* MathViewController.m */; };
		BF0345781CA8335F0056E5D7 /* ColourGameViewController.m in Sources */ = {isa = PBXBuildFile; fileRef = BF0345771CA8335F0056E5D7 /* ColourGameViewController.m */; };
		BF03457B1CA83EE80056E5D7 /* AlphabetGameViewController.m in Sources */ = {isa = PBXBuildFile; fileRef = BF03457A1CA83EE80056E5D7 /* AlphabetGameViewController.m */; };
		BF1A17EB1CA0CD740032DD73 /* skyline.png in Resources */ = {isa = PBXBuildFile; fileRef = BF1A17EA1CA0CD740032DD73 /* skyline.png */; };
		BF1A17ED1CA0CE110032DD73 /* skylineU.png in Resources */ = {isa = PBXBuildFile; fileRef = BF1A17EC1CA0CE110032DD73 /* skylineU.png */; };
		BF72CCF81C95C41900ECBC36 /* EmbedGameViewController.m in Sources */ = {isa = PBXBuildFile; fileRef = BF72CCF61C95C41900ECBC36 /* EmbedGameViewController.m */; };
		BF7BFB531C52CB6A0012B29D /* main.m in Sources */ = {isa = PBXBuildFile; fileRef = BF7BFB521C52CB6A0012B29D /* main.m */; };
		BF7BFB561C52CB6A0012B29D /* AppDelegate.m in Sources */ = {isa = PBXBuildFile; fileRef = BF7BFB551C52CB6A0012B29D /* AppDelegate.m */; };
		BF7BFB591C52CB6A0012B29D /* ViewController.m in Sources */ = {isa = PBXBuildFile; fileRef = BF7BFB581C52CB6A0012B29D /* ViewController.m */; };
		BF7BFB5C1C52CB6B0012B29D /* Main.storyboard in Resources */ = {isa = PBXBuildFile; fileRef = BF7BFB5A1C52CB6B0012B29D /* Main.storyboard */; };
		BF7BFB5F1C52CB6B0012B29D /* gameBeforeDishes.xcdatamodeld in Sources */ = {isa = PBXBuildFile; fileRef = BF7BFB5D1C52CB6B0012B29D /* gameBeforeDishes.xcdatamodeld */; };
		BF7BFB611C52CB6B0012B29D /* Assets.xcassets in Resources */ = {isa = PBXBuildFile; fileRef = BF7BFB601C52CB6B0012B29D /* Assets.xcassets */; };
		BF7BFB641C52CB6B0012B29D /* LaunchScreen.storyboard in Resources */ = {isa = PBXBuildFile; fileRef = BF7BFB621C52CB6B0012B29D /* LaunchScreen.storyboard */; };
		BF7BFB6F1C52CB6B0012B29D /* gameBeforeDishesTests.m in Sources */ = {isa = PBXBuildFile; fileRef = BF7BFB6E1C52CB6B0012B29D /* gameBeforeDishesTests.m */; };
		BF7BFB7A1C52CB6B0012B29D /* gameBeforeDishesUITests.m in Sources */ = {isa = PBXBuildFile; fileRef = BF7BFB791C52CB6B0012B29D /* gameBeforeDishesUITests.m */; };
		BFA5D16F1C95B35F006822A7 /* Setting.storyboard in Resources */ = {isa = PBXBuildFile; fileRef = BFA5D16D1C95B35F006822A7 /* Setting.storyboard */; };
		BFA5D1711C95B37F006822A7 /* Purchase.storyboard in Resources */ = {isa = PBXBuildFile; fileRef = BFA5D1701C95B37F006822A7 /* Purchase.storyboard */; };
		BFA5D1741C95B3B4006822A7 /* Game.storyboard in Resources */ = {isa = PBXBuildFile; fileRef = BFA5D1721C95B3B4006822A7 /* Game.storyboard */; };
		BFB93F121C8CA10300B69F71 /* gameViewController.m in Sources */ = {isa = PBXBuildFile; fileRef = BFB93F111C8CA10300B69F71 /* gameViewController.m */; };
		BFB93F151C8CA10E00B69F71 /* QuizViewController.m in Sources */ = {isa = PBXBuildFile; fileRef = BFB93F141C8CA10E00B69F71 /* QuizViewController.m */; };
		BFB93F181C8CA13400B69F71 /* gameConst.m in Sources */ = {isa = PBXBuildFile; fileRef = BFB93F171C8CA13400B69F71 /* gameConst.m */; };
		BFCA18B71C9C9F6700B8F8F0 /* GreenScreenViewController.m in Sources */ = {isa = PBXBuildFile; fileRef = BFCA18B61C9C9F6700B8F8F0 /* GreenScreenViewController.m */; };
		BFCA37D01CAF1CD2009979F8 /* Kanizsa_triangle.png in Resources */ = {isa = PBXBuildFile; fileRef = BFCA37CF1CAF1CD2009979F8 /* Kanizsa_triangle.png */; };
		D32899FF1C952A9E005A3177 /* PointChooserViewController.m in Sources */ = {isa = PBXBuildFile; fileRef = D32899FE1C952A9E005A3177 /* PointChooserViewController.m */; };
		D331038D1C98840E007D1DC8 /* labelCell.xib in Resources */ = {isa = PBXBuildFile; fileRef = D331038C1C98840E007D1DC8 /* labelCell.xib */; };
		D33103901C9884E2007D1DC8 /* textfieldTableViewCell.m in Sources */ = {isa = PBXBuildFile; fileRef = D331038F1C9884E2007D1DC8 /* textfieldTableViewCell.m */; };
		D37A81141C8C888A00560EDE /* GameListUITableViewController.m in Sources */ = {isa = PBXBuildFile; fileRef = D37A81131C8C888A00560EDE /* GameListUITableViewController.m */; };
		D390425C1C879D6C00474670 /* CustomGameMenuTableViewController.m in Sources */ = {isa = PBXBuildFile; fileRef = D390425B1C879D6C00474670 /* CustomGameMenuTableViewController.m */; };
		D39042621C87AA5400474670 /* PlayersNamesUITableViewController.m in Sources */ = {isa = PBXBuildFile; fileRef = D39042611C87AA5400474670 /* PlayersNamesUITableViewController.m */; };
		D3B291BC1C9EFC02001456F4 /* CountDownGameViewController.m in Sources */ = {isa = PBXBuildFile; fileRef = D3B291BB1C9EFC02001456F4 /* CountDownGameViewController.m */; };
/* End PBXBuildFile section */

/* Begin PBXContainerItemProxy section */
		BF7BFB6B1C52CB6B0012B29D /* PBXContainerItemProxy */ = {
			isa = PBXContainerItemProxy;
			containerPortal = BF7BFB461C52CB6A0012B29D /* Project object */;
			proxyType = 1;
			remoteGlobalIDString = BF7BFB4D1C52CB6A0012B29D;
			remoteInfo = gameBeforeDishes;
		};
		BF7BFB761C52CB6B0012B29D /* PBXContainerItemProxy */ = {
			isa = PBXContainerItemProxy;
			containerPortal = BF7BFB461C52CB6A0012B29D /* Project object */;
			proxyType = 1;
			remoteGlobalIDString = BF7BFB4D1C52CB6A0012B29D;
			remoteInfo = gameBeforeDishes;
		};
/* End PBXContainerItemProxy section */

/* Begin PBXFileReference section */
		A019F03F1CA84231005D4F71 /* MathViewController.h */ = {isa = PBXFileReference; fileEncoding = 4; lastKnownFileType = sourcecode.c.h; name = MathViewController.h; path = ../MathViewController.h; sourceTree = "<group>"; };
		A019F0401CA84231005D4F71 /* MathViewController.m */ = {isa = PBXFileReference; fileEncoding = 4; lastKnownFileType = sourcecode.c.objc; name = MathViewController.m; path = ../MathViewController.m; sourceTree = "<group>"; };
		BF0345761CA8335F0056E5D7 /* ColourGameViewController.h */ = {isa = PBXFileReference; fileEncoding = 4; lastKnownFileType = sourcecode.c.h; path = ColourGameViewController.h; sourceTree = "<group>"; };
		BF0345771CA8335F0056E5D7 /* ColourGameViewController.m */ = {isa = PBXFileReference; fileEncoding = 4; lastKnownFileType = sourcecode.c.objc; path = ColourGameViewController.m; sourceTree = "<group>"; };
		BF0345791CA83EE80056E5D7 /* AlphabetGameViewController.h */ = {isa = PBXFileReference; fileEncoding = 4; lastKnownFileType = sourcecode.c.h; path = AlphabetGameViewController.h; sourceTree = "<group>"; };
		BF03457A1CA83EE80056E5D7 /* AlphabetGameViewController.m */ = {isa = PBXFileReference; fileEncoding = 4; lastKnownFileType = sourcecode.c.objc; path = AlphabetGameViewController.m; sourceTree = "<group>"; };
		BF1A17EA1CA0CD740032DD73 /* skyline.png */ = {isa = PBXFileReference; lastKnownFileType = image.png; path = skyline.png; sourceTree = "<group>"; };
		BF1A17EC1CA0CE110032DD73 /* skylineU.png */ = {isa = PBXFileReference; lastKnownFileType = image.png; path = skylineU.png; sourceTree = "<group>"; };
		BF72CCF51C95C41900ECBC36 /* EmbedGameViewController.h */ = {isa = PBXFileReference; fileEncoding = 4; lastKnownFileType = sourcecode.c.h; path = EmbedGameViewController.h; sourceTree = "<group>"; };
		BF72CCF61C95C41900ECBC36 /* EmbedGameViewController.m */ = {isa = PBXFileReference; fileEncoding = 4; lastKnownFileType = sourcecode.c.objc; path = EmbedGameViewController.m; sourceTree = "<group>"; };
		BF7BFB4E1C52CB6A0012B29D /* gameBeforeDishes.app */ = {isa = PBXFileReference; explicitFileType = wrapper.application; includeInIndex = 0; path = gameBeforeDishes.app; sourceTree = BUILT_PRODUCTS_DIR; };
		BF7BFB521C52CB6A0012B29D /* main.m */ = {isa = PBXFileReference; lastKnownFileType = sourcecode.c.objc; path = main.m; sourceTree = "<group>"; };
		BF7BFB541C52CB6A0012B29D /* AppDelegate.h */ = {isa = PBXFileReference; lastKnownFileType = sourcecode.c.h; path = AppDelegate.h; sourceTree = "<group>"; };
		BF7BFB551C52CB6A0012B29D /* AppDelegate.m */ = {isa = PBXFileReference; lastKnownFileType = sourcecode.c.objc; path = AppDelegate.m; sourceTree = "<group>"; };
		BF7BFB571C52CB6A0012B29D /* ViewController.h */ = {isa = PBXFileReference; lastKnownFileType = sourcecode.c.h; path = ViewController.h; sourceTree = "<group>"; };
		BF7BFB581C52CB6A0012B29D /* ViewController.m */ = {isa = PBXFileReference; lastKnownFileType = sourcecode.c.objc; path = ViewController.m; sourceTree = "<group>"; };
		BF7BFB5B1C52CB6B0012B29D /* Base */ = {isa = PBXFileReference; lastKnownFileType = file.storyboard; name = Base; path = Base.lproj/Main.storyboard; sourceTree = "<group>"; };
		BF7BFB5E1C52CB6B0012B29D /* gameBeforeDishes.xcdatamodel */ = {isa = PBXFileReference; lastKnownFileType = wrapper.xcdatamodel; path = gameBeforeDishes.xcdatamodel; sourceTree = "<group>"; };
		BF7BFB601C52CB6B0012B29D /* Assets.xcassets */ = {isa = PBXFileReference; lastKnownFileType = folder.assetcatalog; path = Assets.xcassets; sourceTree = "<group>"; };
		BF7BFB631C52CB6B0012B29D /* Base */ = {isa = PBXFileReference; lastKnownFileType = file.storyboard; name = Base; path = Base.lproj/LaunchScreen.storyboard; sourceTree = "<group>"; };
		BF7BFB651C52CB6B0012B29D /* Info.plist */ = {isa = PBXFileReference; lastKnownFileType = text.plist.xml; path = Info.plist; sourceTree = "<group>"; };
		BF7BFB6A1C52CB6B0012B29D /* gameBeforeDishesTests.xctest */ = {isa = PBXFileReference; explicitFileType = wrapper.cfbundle; includeInIndex = 0; path = gameBeforeDishesTests.xctest; sourceTree = BUILT_PRODUCTS_DIR; };
		BF7BFB6E1C52CB6B0012B29D /* gameBeforeDishesTests.m */ = {isa = PBXFileReference; lastKnownFileType = sourcecode.c.objc; path = gameBeforeDishesTests.m; sourceTree = "<group>"; };
		BF7BFB701C52CB6B0012B29D /* Info.plist */ = {isa = PBXFileReference; lastKnownFileType = text.plist.xml; path = Info.plist; sourceTree = "<group>"; };
		BF7BFB751C52CB6B0012B29D /* gameBeforeDishesUITests.xctest */ = {isa = PBXFileReference; explicitFileType = wrapper.cfbundle; includeInIndex = 0; path = gameBeforeDishesUITests.xctest; sourceTree = BUILT_PRODUCTS_DIR; };
		BF7BFB791C52CB6B0012B29D /* gameBeforeDishesUITests.m */ = {isa = PBXFileReference; lastKnownFileType = sourcecode.c.objc; path = gameBeforeDishesUITests.m; sourceTree = "<group>"; };
		BF7BFB7B1C52CB6B0012B29D /* Info.plist */ = {isa = PBXFileReference; lastKnownFileType = text.plist.xml; path = Info.plist; sourceTree = "<group>"; };
		BFA5D16E1C95B35F006822A7 /* Base */ = {isa = PBXFileReference; lastKnownFileType = file.storyboard; name = Base; path = Base.lproj/Setting.storyboard; sourceTree = "<group>"; };
		BFA5D1701C95B37F006822A7 /* Purchase.storyboard */ = {isa = PBXFileReference; fileEncoding = 4; lastKnownFileType = file.storyboard; path = Purchase.storyboard; sourceTree = "<group>"; };
		BFA5D1731C95B3B4006822A7 /* Base */ = {isa = PBXFileReference; lastKnownFileType = file.storyboard; name = Base; path = Base.lproj/Game.storyboard; sourceTree = "<group>"; };
		BFB93F101C8CA10300B69F71 /* gameViewController.h */ = {isa = PBXFileReference; fileEncoding = 4; lastKnownFileType = sourcecode.c.h; path = gameViewController.h; sourceTree = "<group>"; };
		BFB93F111C8CA10300B69F71 /* gameViewController.m */ = {isa = PBXFileReference; fileEncoding = 4; lastKnownFileType = sourcecode.c.objc; path = gameViewController.m; sourceTree = "<group>"; };
		BFB93F131C8CA10E00B69F71 /* QuizViewController.h */ = {isa = PBXFileReference; fileEncoding = 4; lastKnownFileType = sourcecode.c.h; path = QuizViewController.h; sourceTree = "<group>"; };
		BFB93F141C8CA10E00B69F71 /* QuizViewController.m */ = {isa = PBXFileReference; fileEncoding = 4; lastKnownFileType = sourcecode.c.objc; path = QuizViewController.m; sourceTree = "<group>"; };
		BFB93F161C8CA13400B69F71 /* gameConst.h */ = {isa = PBXFileReference; fileEncoding = 4; lastKnownFileType = sourcecode.c.h; path = gameConst.h; sourceTree = "<group>"; };
		BFB93F171C8CA13400B69F71 /* gameConst.m */ = {isa = PBXFileReference; fileEncoding = 4; lastKnownFileType = sourcecode.c.objc; path = gameConst.m; sourceTree = "<group>"; };
		BFCA18B51C9C9F6700B8F8F0 /* GreenScreenViewController.h */ = {isa = PBXFileReference; fileEncoding = 4; lastKnownFileType = sourcecode.c.h; path = GreenScreenViewController.h; sourceTree = "<group>"; };
		BFCA18B61C9C9F6700B8F8F0 /* GreenScreenViewController.m */ = {isa = PBXFileReference; fileEncoding = 4; lastKnownFileType = sourcecode.c.objc; path = GreenScreenViewController.m; sourceTree = "<group>"; };
		BFCA37CF1CAF1CD2009979F8 /* Kanizsa_triangle.png */ = {isa = PBXFileReference; lastKnownFileType = image.png; name = Kanizsa_triangle.png; path = ../../../Downloads/Kanizsa_triangle.png; sourceTree = "<group>"; };
		D32899FD1C952A9E005A3177 /* PointChooserViewController.h */ = {isa = PBXFileReference; fileEncoding = 4; lastKnownFileType = sourcecode.c.h; path = PointChooserViewController.h; sourceTree = "<group>"; };
		D32899FE1C952A9E005A3177 /* PointChooserViewController.m */ = {isa = PBXFileReference; fileEncoding = 4; lastKnownFileType = sourcecode.c.objc; path = PointChooserViewController.m; sourceTree = "<group>"; };
		D331038C1C98840E007D1DC8 /* labelCell.xib */ = {isa = PBXFileReference; fileEncoding = 4; lastKnownFileType = file.xib; name = labelCell.xib; path = ../labelCell.xib; sourceTree = "<group>"; };
		D331038E1C9884E2007D1DC8 /* textfieldTableViewCell.h */ = {isa = PBXFileReference; fileEncoding = 4; lastKnownFileType = sourcecode.c.h; name = textfieldTableViewCell.h; path = ../textfieldTableViewCell.h; sourceTree = "<group>"; };
		D331038F1C9884E2007D1DC8 /* textfieldTableViewCell.m */ = {isa = PBXFileReference; fileEncoding = 4; lastKnownFileType = sourcecode.c.objc; name = textfieldTableViewCell.m; path = ../textfieldTableViewCell.m; sourceTree = "<group>"; };
		D37A81121C8C888A00560EDE /* GameListUITableViewController.h */ = {isa = PBXFileReference; fileEncoding = 4; lastKnownFileType = sourcecode.c.h; path = GameListUITableViewController.h; sourceTree = "<group>"; };
		D37A81131C8C888A00560EDE /* GameListUITableViewController.m */ = {isa = PBXFileReference; fileEncoding = 4; lastKnownFileType = sourcecode.c.objc; path = GameListUITableViewController.m; sourceTree = "<group>"; };
		D390425A1C879D6C00474670 /* CustomGameMenuTableViewController.h */ = {isa = PBXFileReference; fileEncoding = 4; lastKnownFileType = sourcecode.c.h; name = CustomGameMenuTableViewController.h; path = ../CustomGameMenuTableViewController.h; sourceTree = "<group>"; };
		D390425B1C879D6C00474670 /* CustomGameMenuTableViewController.m */ = {isa = PBXFileReference; fileEncoding = 4; lastKnownFileType = sourcecode.c.objc; name = CustomGameMenuTableViewController.m; path = ../CustomGameMenuTableViewController.m; sourceTree = "<group>"; };
		D39042601C87AA5400474670 /* PlayersNamesUITableViewController.h */ = {isa = PBXFileReference; fileEncoding = 4; lastKnownFileType = sourcecode.c.h; path = PlayersNamesUITableViewController.h; sourceTree = "<group>"; };
		D39042611C87AA5400474670 /* PlayersNamesUITableViewController.m */ = {isa = PBXFileReference; fileEncoding = 4; lastKnownFileType = sourcecode.c.objc; path = PlayersNamesUITableViewController.m; sourceTree = "<group>"; };
		D3B291BA1C9EFC02001456F4 /* CountDownGameViewController.h */ = {isa = PBXFileReference; fileEncoding = 4; lastKnownFileType = sourcecode.c.h; path = CountDownGameViewController.h; sourceTree = "<group>"; };
		D3B291BB1C9EFC02001456F4 /* CountDownGameViewController.m */ = {isa = PBXFileReference; fileEncoding = 4; lastKnownFileType = sourcecode.c.objc; path = CountDownGameViewController.m; sourceTree = "<group>"; };
/* End PBXFileReference section */

/* Begin PBXFrameworksBuildPhase section */
		BF7BFB4B1C52CB6A0012B29D /* Frameworks */ = {
			isa = PBXFrameworksBuildPhase;
			buildActionMask = 2147483647;
			files = (
			);
			runOnlyForDeploymentPostprocessing = 0;
		};
		BF7BFB671C52CB6B0012B29D /* Frameworks */ = {
			isa = PBXFrameworksBuildPhase;
			buildActionMask = 2147483647;
			files = (
			);
			runOnlyForDeploymentPostprocessing = 0;
		};
		BF7BFB721C52CB6B0012B29D /* Frameworks */ = {
			isa = PBXFrameworksBuildPhase;
			buildActionMask = 2147483647;
			files = (
			);
			runOnlyForDeploymentPostprocessing = 0;
		};
/* End PBXFrameworksBuildPhase section */

/* Begin PBXGroup section */
		BF7BFB451C52CB6A0012B29D = {
			isa = PBXGroup;
			children = (
				BF7BFB501C52CB6A0012B29D /* gameBeforeDishes */,
				BF7BFB6D1C52CB6B0012B29D /* gameBeforeDishesTests */,
				BF7BFB781C52CB6B0012B29D /* gameBeforeDishesUITests */,
				BF7BFB4F1C52CB6A0012B29D /* Products */,
			);
			sourceTree = "<group>";
		};
		BF7BFB4F1C52CB6A0012B29D /* Products */ = {
			isa = PBXGroup;
			children = (
				BF7BFB4E1C52CB6A0012B29D /* gameBeforeDishes.app */,
				BF7BFB6A1C52CB6B0012B29D /* gameBeforeDishesTests.xctest */,
				BF7BFB751C52CB6B0012B29D /* gameBeforeDishesUITests.xctest */,
			);
			name = Products;
			sourceTree = "<group>";
		};
		BF7BFB501C52CB6A0012B29D /* gameBeforeDishes */ = {
			isa = PBXGroup;
			children = (
				D331038C1C98840E007D1DC8 /* labelCell.xib */,
				D331038E1C9884E2007D1DC8 /* textfieldTableViewCell.h */,
				D331038F1C9884E2007D1DC8 /* textfieldTableViewCell.m */,
				BF1A17EA1CA0CD740032DD73 /* skyline.png */,
				BF1A17EC1CA0CE110032DD73 /* skylineU.png */,
				BFCA37CF1CAF1CD2009979F8 /* Kanizsa_triangle.png */,
				BFB93F161C8CA13400B69F71 /* gameConst.h */,
				BFB93F171C8CA13400B69F71 /* gameConst.m */,
				BFB93F101C8CA10300B69F71 /* gameViewController.h */,
				BFB93F111C8CA10300B69F71 /* gameViewController.m */,
				BF0345791CA83EE80056E5D7 /* AlphabetGameViewController.h */,
				BF03457A1CA83EE80056E5D7 /* AlphabetGameViewController.m */,
				BFB93F131C8CA10E00B69F71 /* QuizViewController.h */,
				BFB93F141C8CA10E00B69F71 /* QuizViewController.m */,
				A019F03F1CA84231005D4F71 /* MathViewController.h */,
				A019F0401CA84231005D4F71 /* MathViewController.m */,
				BFCA18B51C9C9F6700B8F8F0 /* GreenScreenViewController.h */,
				BFCA18B61C9C9F6700B8F8F0 /* GreenScreenViewController.m */,
				BF0345761CA8335F0056E5D7 /* ColourGameViewController.h */,
				BF0345771CA8335F0056E5D7 /* ColourGameViewController.m */,
				D390425A1C879D6C00474670 /* CustomGameMenuTableViewController.h */,
				D390425B1C879D6C00474670 /* CustomGameMenuTableViewController.m */,
				D39042601C87AA5400474670 /* PlayersNamesUITableViewController.h */,
				D39042611C87AA5400474670 /* PlayersNamesUITableViewController.m */,
				D3B291BA1C9EFC02001456F4 /* CountDownGameViewController.h */,
				D3B291BB1C9EFC02001456F4 /* CountDownGameViewController.m */,
				D37A81121C8C888A00560EDE /* GameListUITableViewController.h */,
				D37A81131C8C888A00560EDE /* GameListUITableViewController.m */,
				BF7BFB541C52CB6A0012B29D /* AppDelegate.h */,
				BF7BFB551C52CB6A0012B29D /* AppDelegate.m */,
				BF7BFB571C52CB6A0012B29D /* ViewController.h */,
				BF7BFB581C52CB6A0012B29D /* ViewController.m */,
				BF7BFB5A1C52CB6B0012B29D /* Main.storyboard */,
				BFA5D1721C95B3B4006822A7 /* Game.storyboard */,
				BFA5D1701C95B37F006822A7 /* Purchase.storyboard */,
				BFA5D16D1C95B35F006822A7 /* Setting.storyboard */,
				D32899FD1C952A9E005A3177 /* PointChooserViewController.h */,
				D32899FE1C952A9E005A3177 /* PointChooserViewController.m */,
				BF7BFB601C52CB6B0012B29D /* Assets.xcassets */,
				BF7BFB621C52CB6B0012B29D /* LaunchScreen.storyboard */,
				BF7BFB651C52CB6B0012B29D /* Info.plist */,
				BF7BFB5D1C52CB6B0012B29D /* gameBeforeDishes.xcdatamodeld */,
				BF7BFB511C52CB6A0012B29D /* Supporting Files */,
				BF72CCF51C95C41900ECBC36 /* EmbedGameViewController.h */,
				BF72CCF61C95C41900ECBC36 /* EmbedGameViewController.m */,
			);
			path = gameBeforeDishes;
			sourceTree = "<group>";
		};
		BF7BFB511C52CB6A0012B29D /* Supporting Files */ = {
			isa = PBXGroup;
			children = (
				BF7BFB521C52CB6A0012B29D /* main.m */,
			);
			name = "Supporting Files";
			sourceTree = "<group>";
		};
		BF7BFB6D1C52CB6B0012B29D /* gameBeforeDishesTests */ = {
			isa = PBXGroup;
			children = (
				BF7BFB6E1C52CB6B0012B29D /* gameBeforeDishesTests.m */,
				BF7BFB701C52CB6B0012B29D /* Info.plist */,
			);
			path = gameBeforeDishesTests;
			sourceTree = "<group>";
		};
		BF7BFB781C52CB6B0012B29D /* gameBeforeDishesUITests */ = {
			isa = PBXGroup;
			children = (
				BF7BFB791C52CB6B0012B29D /* gameBeforeDishesUITests.m */,
				BF7BFB7B1C52CB6B0012B29D /* Info.plist */,
			);
			path = gameBeforeDishesUITests;
			sourceTree = "<group>";
		};
/* End PBXGroup section */

/* Begin PBXNativeTarget section */
		BF7BFB4D1C52CB6A0012B29D /* gameBeforeDishes */ = {
			isa = PBXNativeTarget;
			buildConfigurationList = BF7BFB7E1C52CB6B0012B29D /* Build configuration list for PBXNativeTarget "gameBeforeDishes" */;
			buildPhases = (
				BF7BFB4A1C52CB6A0012B29D /* Sources */,
				BF7BFB4B1C52CB6A0012B29D /* Frameworks */,
				BF7BFB4C1C52CB6A0012B29D /* Resources */,
			);
			buildRules = (
			);
			dependencies = (
			);
			name = gameBeforeDishes;
			productName = gameBeforeDishes;
			productReference = BF7BFB4E1C52CB6A0012B29D /* gameBeforeDishes.app */;
			productType = "com.apple.product-type.application";
		};
		BF7BFB691C52CB6B0012B29D /* gameBeforeDishesTests */ = {
			isa = PBXNativeTarget;
			buildConfigurationList = BF7BFB811C52CB6B0012B29D /* Build configuration list for PBXNativeTarget "gameBeforeDishesTests" */;
			buildPhases = (
				BF7BFB661C52CB6B0012B29D /* Sources */,
				BF7BFB671C52CB6B0012B29D /* Frameworks */,
				BF7BFB681C52CB6B0012B29D /* Resources */,
			);
			buildRules = (
			);
			dependencies = (
				BF7BFB6C1C52CB6B0012B29D /* PBXTargetDependency */,
			);
			name = gameBeforeDishesTests;
			productName = gameBeforeDishesTests;
			productReference = BF7BFB6A1C52CB6B0012B29D /* gameBeforeDishesTests.xctest */;
			productType = "com.apple.product-type.bundle.unit-test";
		};
		BF7BFB741C52CB6B0012B29D /* gameBeforeDishesUITests */ = {
			isa = PBXNativeTarget;
			buildConfigurationList = BF7BFB841C52CB6B0012B29D /* Build configuration list for PBXNativeTarget "gameBeforeDishesUITests" */;
			buildPhases = (
				BF7BFB711C52CB6B0012B29D /* Sources */,
				BF7BFB721C52CB6B0012B29D /* Frameworks */,
				BF7BFB731C52CB6B0012B29D /* Resources */,
			);
			buildRules = (
			);
			dependencies = (
				BF7BFB771C52CB6B0012B29D /* PBXTargetDependency */,
			);
			name = gameBeforeDishesUITests;
			productName = gameBeforeDishesUITests;
			productReference = BF7BFB751C52CB6B0012B29D /* gameBeforeDishesUITests.xctest */;
			productType = "com.apple.product-type.bundle.ui-testing";
		};
/* End PBXNativeTarget section */

/* Begin PBXProject section */
		BF7BFB461C52CB6A0012B29D /* Project object */ = {
			isa = PBXProject;
			attributes = {
				LastUpgradeCheck = 0720;
				ORGANIZATIONNAME = bdong;
				TargetAttributes = {
					BF7BFB4D1C52CB6A0012B29D = {
						CreatedOnToolsVersion = 7.2;
					};
					BF7BFB691C52CB6B0012B29D = {
						CreatedOnToolsVersion = 7.2;
						TestTargetID = BF7BFB4D1C52CB6A0012B29D;
					};
					BF7BFB741C52CB6B0012B29D = {
						CreatedOnToolsVersion = 7.2;
						TestTargetID = BF7BFB4D1C52CB6A0012B29D;
					};
				};
			};
			buildConfigurationList = BF7BFB491C52CB6A0012B29D /* Build configuration list for PBXProject "gameBeforeDishes" */;
			compatibilityVersion = "Xcode 3.2";
			developmentRegion = English;
			hasScannedForEncodings = 0;
			knownRegions = (
				en,
				Base,
			);
			mainGroup = BF7BFB451C52CB6A0012B29D;
			productRefGroup = BF7BFB4F1C52CB6A0012B29D /* Products */;
			projectDirPath = "";
			projectRoot = "";
			targets = (
				BF7BFB4D1C52CB6A0012B29D /* gameBeforeDishes */,
				BF7BFB691C52CB6B0012B29D /* gameBeforeDishesTests */,
				BF7BFB741C52CB6B0012B29D /* gameBeforeDishesUITests */,
			);
		};
/* End PBXProject section */

/* Begin PBXResourcesBuildPhase section */
		BF7BFB4C1C52CB6A0012B29D /* Resources */ = {
			isa = PBXResourcesBuildPhase;
			buildActionMask = 2147483647;
			files = (
				BFA5D1741C95B3B4006822A7 /* Game.storyboard in Resources */,
				BF7BFB641C52CB6B0012B29D /* LaunchScreen.storyboard in Resources */,
				BFA5D1711C95B37F006822A7 /* Purchase.storyboard in Resources */,
				BF7BFB611C52CB6B0012B29D /* Assets.xcassets in Resources */,
				D331038D1C98840E007D1DC8 /* labelCell.xib in Resources */,
				BFCA37D01CAF1CD2009979F8 /* Kanizsa_triangle.png in Resources */,
				BF1A17EB1CA0CD740032DD73 /* skyline.png in Resources */,
				BF1A17ED1CA0CE110032DD73 /* skylineU.png in Resources */,
				BF7BFB5C1C52CB6B0012B29D /* Main.storyboard in Resources */,
				BFA5D16F1C95B35F006822A7 /* Setting.storyboard in Resources */,
			);
			runOnlyForDeploymentPostprocessing = 0;
		};
		BF7BFB681C52CB6B0012B29D /* Resources */ = {
			isa = PBXResourcesBuildPhase;
			buildActionMask = 2147483647;
			files = (
			);
			runOnlyForDeploymentPostprocessing = 0;
		};
		BF7BFB731C52CB6B0012B29D /* Resources */ = {
			isa = PBXResourcesBuildPhase;
			buildActionMask = 2147483647;
			files = (
			);
			runOnlyForDeploymentPostprocessing = 0;
		};
/* End PBXResourcesBuildPhase section */

/* Begin PBXSourcesBuildPhase section */
		BF7BFB4A1C52CB6A0012B29D /* Sources */ = {
			isa = PBXSourcesBuildPhase;
			buildActionMask = 2147483647;
			files = (
				D3B291BC1C9EFC02001456F4 /* CountDownGameViewController.m in Sources */,
				BFCA18B71C9C9F6700B8F8F0 /* GreenScreenViewController.m in Sources */,
				BF0345781CA8335F0056E5D7 /* ColourGameViewController.m in Sources */,
				BF03457B1CA83EE80056E5D7 /* AlphabetGameViewController.m in Sources */,
				A019F0411CA84231005D4F71 /* MathViewController.m in Sources */,
				BFB93F121C8CA10300B69F71 /* gameViewController.m in Sources */,
				BF7BFB591C52CB6A0012B29D /* ViewController.m in Sources */,
				BFB93F151C8CA10E00B69F71 /* QuizViewController.m in Sources */,
				BFB93F181C8CA13400B69F71 /* gameConst.m in Sources */,
				BF7BFB561C52CB6A0012B29D /* AppDelegate.m in Sources */,
				D32899FF1C952A9E005A3177 /* PointChooserViewController.m in Sources */,
				BF72CCF81C95C41900ECBC36 /* EmbedGameViewController.m in Sources */,
				D37A81141C8C888A00560EDE /* GameListUITableViewController.m in Sources */,
				D390425C1C879D6C00474670 /* CustomGameMenuTableViewController.m in Sources */,
				D39042621C87AA5400474670 /* PlayersNamesUITableViewController.m in Sources */,
				BF7BFB5F1C52CB6B0012B29D /* gameBeforeDishes.xcdatamodeld in Sources */,
				BF7BFB531C52CB6A0012B29D /* main.m in Sources */,
				D33103901C9884E2007D1DC8 /* textfieldTableViewCell.m in Sources */,
			);
			runOnlyForDeploymentPostprocessing = 0;
		};
		BF7BFB661C52CB6B0012B29D /* Sources */ = {
			isa = PBXSourcesBuildPhase;
			buildActionMask = 2147483647;
			files = (
				BF7BFB6F1C52CB6B0012B29D /* gameBeforeDishesTests.m in Sources */,
			);
			runOnlyForDeploymentPostprocessing = 0;
		};
		BF7BFB711C52CB6B0012B29D /* Sources */ = {
			isa = PBXSourcesBuildPhase;
			buildActionMask = 2147483647;
			files = (
				BF7BFB7A1C52CB6B0012B29D /* gameBeforeDishesUITests.m in Sources */,
			);
			runOnlyForDeploymentPostprocessing = 0;
		};
/* End PBXSourcesBuildPhase section */

/* Begin PBXTargetDependency section */
		BF7BFB6C1C52CB6B0012B29D /* PBXTargetDependency */ = {
			isa = PBXTargetDependency;
			target = BF7BFB4D1C52CB6A0012B29D /* gameBeforeDishes */;
			targetProxy = BF7BFB6B1C52CB6B0012B29D /* PBXContainerItemProxy */;
		};
		BF7BFB771C52CB6B0012B29D /* PBXTargetDependency */ = {
			isa = PBXTargetDependency;
			target = BF7BFB4D1C52CB6A0012B29D /* gameBeforeDishes */;
			targetProxy = BF7BFB761C52CB6B0012B29D /* PBXContainerItemProxy */;
		};
/* End PBXTargetDependency section */

/* Begin PBXVariantGroup section */
		BF7BFB5A1C52CB6B0012B29D /* Main.storyboard */ = {
			isa = PBXVariantGroup;
			children = (
				BF7BFB5B1C52CB6B0012B29D /* Base */,
			);
			name = Main.storyboard;
			sourceTree = "<group>";
		};
		BF7BFB621C52CB6B0012B29D /* LaunchScreen.storyboard */ = {
			isa = PBXVariantGroup;
			children = (
				BF7BFB631C52CB6B0012B29D /* Base */,
			);
			name = LaunchScreen.storyboard;
			sourceTree = "<group>";
		};
		BFA5D16D1C95B35F006822A7 /* Setting.storyboard */ = {
			isa = PBXVariantGroup;
			children = (
				BFA5D16E1C95B35F006822A7 /* Base */,
			);
			name = Setting.storyboard;
			sourceTree = "<group>";
		};
		BFA5D1721C95B3B4006822A7 /* Game.storyboard */ = {
			isa = PBXVariantGroup;
			children = (
				BFA5D1731C95B3B4006822A7 /* Base */,
			);
			name = Game.storyboard;
			sourceTree = "<group>";
		};
/* End PBXVariantGroup section */

/* Begin XCBuildConfiguration section */
		BF7BFB7C1C52CB6B0012B29D /* Debug */ = {
			isa = XCBuildConfiguration;
			buildSettings = {
				ALWAYS_SEARCH_USER_PATHS = NO;
				CLANG_CXX_LANGUAGE_STANDARD = "gnu++0x";
				CLANG_CXX_LIBRARY = "libc++";
				CLANG_ENABLE_MODULES = YES;
				CLANG_ENABLE_OBJC_ARC = YES;
				CLANG_WARN_BOOL_CONVERSION = YES;
				CLANG_WARN_CONSTANT_CONVERSION = YES;
				CLANG_WARN_DIRECT_OBJC_ISA_USAGE = YES_ERROR;
				CLANG_WARN_EMPTY_BODY = YES;
				CLANG_WARN_ENUM_CONVERSION = YES;
				CLANG_WARN_INT_CONVERSION = YES;
				CLANG_WARN_OBJC_ROOT_CLASS = YES_ERROR;
				CLANG_WARN_UNREACHABLE_CODE = YES;
				CLANG_WARN__DUPLICATE_METHOD_MATCH = YES;
				"CODE_SIGN_IDENTITY[sdk=iphoneos*]" = "iPhone Developer";
				COPY_PHASE_STRIP = NO;
				DEBUG_INFORMATION_FORMAT = dwarf;
				ENABLE_STRICT_OBJC_MSGSEND = YES;
				ENABLE_TESTABILITY = YES;
				GCC_C_LANGUAGE_STANDARD = gnu99;
				GCC_DYNAMIC_NO_PIC = NO;
				GCC_NO_COMMON_BLOCKS = YES;
				GCC_OPTIMIZATION_LEVEL = 0;
				GCC_PREPROCESSOR_DEFINITIONS = (
					"DEBUG=1",
					"$(inherited)",
				);
				GCC_WARN_64_TO_32_BIT_CONVERSION = YES;
				GCC_WARN_ABOUT_RETURN_TYPE = YES_ERROR;
				GCC_WARN_UNDECLARED_SELECTOR = YES;
				GCC_WARN_UNINITIALIZED_AUTOS = YES_AGGRESSIVE;
				GCC_WARN_UNUSED_FUNCTION = YES;
				GCC_WARN_UNUSED_VARIABLE = YES;
				IPHONEOS_DEPLOYMENT_TARGET = 9.2;
				MTL_ENABLE_DEBUG_INFO = YES;
				ONLY_ACTIVE_ARCH = YES;
				SDKROOT = iphoneos;
				TARGETED_DEVICE_FAMILY = "1,2";
			};
			name = Debug;
		};
		BF7BFB7D1C52CB6B0012B29D /* Release */ = {
			isa = XCBuildConfiguration;
			buildSettings = {
				ALWAYS_SEARCH_USER_PATHS = NO;
				CLANG_CXX_LANGUAGE_STANDARD = "gnu++0x";
				CLANG_CXX_LIBRARY = "libc++";
				CLANG_ENABLE_MODULES = YES;
				CLANG_ENABLE_OBJC_ARC = YES;
				CLANG_WARN_BOOL_CONVERSION = YES;
				CLANG_WARN_CONSTANT_CONVERSION = YES;
				CLANG_WARN_DIRECT_OBJC_ISA_USAGE = YES_ERROR;
				CLANG_WARN_EMPTY_BODY = YES;
				CLANG_WARN_ENUM_CONVERSION = YES;
				CLANG_WARN_INT_CONVERSION = YES;
				CLANG_WARN_OBJC_ROOT_CLASS = YES_ERROR;
				CLANG_WARN_UNREACHABLE_CODE = YES;
				CLANG_WARN__DUPLICATE_METHOD_MATCH = YES;
				"CODE_SIGN_IDENTITY[sdk=iphoneos*]" = "iPhone Developer";
				COPY_PHASE_STRIP = NO;
				DEBUG_INFORMATION_FORMAT = "dwarf-with-dsym";
				ENABLE_NS_ASSERTIONS = NO;
				ENABLE_STRICT_OBJC_MSGSEND = YES;
				GCC_C_LANGUAGE_STANDARD = gnu99;
				GCC_NO_COMMON_BLOCKS = YES;
				GCC_WARN_64_TO_32_BIT_CONVERSION = YES;
				GCC_WARN_ABOUT_RETURN_TYPE = YES_ERROR;
				GCC_WARN_UNDECLARED_SELECTOR = YES;
				GCC_WARN_UNINITIALIZED_AUTOS = YES_AGGRESSIVE;
				GCC_WARN_UNUSED_FUNCTION = YES;
				GCC_WARN_UNUSED_VARIABLE = YES;
				IPHONEOS_DEPLOYMENT_TARGET = 9.2;
				MTL_ENABLE_DEBUG_INFO = NO;
				SDKROOT = iphoneos;
				TARGETED_DEVICE_FAMILY = "1,2";
				VALIDATE_PRODUCT = YES;
			};
			name = Release;
		};
		BF7BFB7F1C52CB6B0012B29D /* Debug */ = {
			isa = XCBuildConfiguration;
			buildSettings = {
				ASSETCATALOG_COMPILER_APPICON_NAME = AppIcon;
				INFOPLIST_FILE = gameBeforeDishes/Info.plist;
				LD_RUNPATH_SEARCH_PATHS = "$(inherited) @executable_path/Frameworks";
				PRODUCT_BUNDLE_IDENTIFIER = Dicebota.gameBeforeDishes;
				PRODUCT_NAME = "$(TARGET_NAME)";
			};
			name = Debug;
		};
		BF7BFB801C52CB6B0012B29D /* Release */ = {
			isa = XCBuildConfiguration;
			buildSettings = {
				ASSETCATALOG_COMPILER_APPICON_NAME = AppIcon;
				INFOPLIST_FILE = gameBeforeDishes/Info.plist;
				LD_RUNPATH_SEARCH_PATHS = "$(inherited) @executable_path/Frameworks";
				PRODUCT_BUNDLE_IDENTIFIER = Dicebota.gameBeforeDishes;
				PRODUCT_NAME = "$(TARGET_NAME)";
			};
			name = Release;
		};
		BF7BFB821C52CB6B0012B29D /* Debug */ = {
			isa = XCBuildConfiguration;
			buildSettings = {
				BUNDLE_LOADER = "$(TEST_HOST)";
				INFOPLIST_FILE = gameBeforeDishesTests/Info.plist;
				LD_RUNPATH_SEARCH_PATHS = "$(inherited) @executable_path/Frameworks @loader_path/Frameworks";
				PRODUCT_BUNDLE_IDENTIFIER = Dicebota.gameBeforeDishesTests;
				PRODUCT_NAME = "$(TARGET_NAME)";
				TEST_HOST = "$(BUILT_PRODUCTS_DIR)/gameBeforeDishes.app/gameBeforeDishes";
			};
			name = Debug;
		};
		BF7BFB831C52CB6B0012B29D /* Release */ = {
			isa = XCBuildConfiguration;
			buildSettings = {
				BUNDLE_LOADER = "$(TEST_HOST)";
				INFOPLIST_FILE = gameBeforeDishesTests/Info.plist;
				LD_RUNPATH_SEARCH_PATHS = "$(inherited) @executable_path/Frameworks @loader_path/Frameworks";
				PRODUCT_BUNDLE_IDENTIFIER = Dicebota.gameBeforeDishesTests;
				PRODUCT_NAME = "$(TARGET_NAME)";
				TEST_HOST = "$(BUILT_PRODUCTS_DIR)/gameBeforeDishes.app/gameBeforeDishes";
			};
			name = Release;
		};
		BF7BFB851C52CB6B0012B29D /* Debug */ = {
			isa = XCBuildConfiguration;
			buildSettings = {
				INFOPLIST_FILE = gameBeforeDishesUITests/Info.plist;
				LD_RUNPATH_SEARCH_PATHS = "$(inherited) @executable_path/Frameworks @loader_path/Frameworks";
				PRODUCT_BUNDLE_IDENTIFIER = Dicebota.gameBeforeDishesUITests;
				PRODUCT_NAME = "$(TARGET_NAME)";
				TEST_TARGET_NAME = gameBeforeDishes;
				USES_XCTRUNNER = YES;
			};
			name = Debug;
		};
		BF7BFB861C52CB6B0012B29D /* Release */ = {
			isa = XCBuildConfiguration;
			buildSettings = {
				INFOPLIST_FILE = gameBeforeDishesUITests/Info.plist;
				LD_RUNPATH_SEARCH_PATHS = "$(inherited) @executable_path/Frameworks @loader_path/Frameworks";
				PRODUCT_BUNDLE_IDENTIFIER = Dicebota.gameBeforeDishesUITests;
				PRODUCT_NAME = "$(TARGET_NAME)";
				TEST_TARGET_NAME = gameBeforeDishes;
				USES_XCTRUNNER = YES;
			};
			name = Release;
		};
/* End XCBuildConfiguration section */

/* Begin XCConfigurationList section */
		BF7BFB491C52CB6A0012B29D /* Build configuration list for PBXProject "gameBeforeDishes" */ = {
			isa = XCConfigurationList;
			buildConfigurations = (
				BF7BFB7C1C52CB6B0012B29D /* Debug */,
				BF7BFB7D1C52CB6B0012B29D /* Release */,
			);
			defaultConfigurationIsVisible = 0;
			defaultConfigurationName = Release;
		};
		BF7BFB7E1C52CB6B0012B29D /* Build configuration list for PBXNativeTarget "gameBeforeDishes" */ = {
			isa = XCConfigurationList;
			buildConfigurations = (
				BF7BFB7F1C52CB6B0012B29D /* Debug */,
				BF7BFB801C52CB6B0012B29D /* Release */,
			);
			defaultConfigurationIsVisible = 0;
			defaultConfigurationName = Release;
		};
		BF7BFB811C52CB6B0012B29D /* Build configuration list for PBXNativeTarget "gameBeforeDishesTests" */ = {
			isa = XCConfigurationList;
			buildConfigurations = (
				BF7BFB821C52CB6B0012B29D /* Debug */,
				BF7BFB831C52CB6B0012B29D /* Release */,
			);
			defaultConfigurationIsVisible = 0;
			defaultConfigurationName = Release;
		};
		BF7BFB841C52CB6B0012B29D /* Build configuration list for PBXNativeTarget "gameBeforeDishesUITests" */ = {
			isa = XCConfigurationList;
			buildConfigurations = (
				BF7BFB851C52CB6B0012B29D /* Debug */,
				BF7BFB861C52CB6B0012B29D /* Release */,
			);
			defaultConfigurationIsVisible = 0;
			defaultConfigurationName = Release;
		};
/* End XCConfigurationList section */

/* Begin XCVersionGroup section */
		BF7BFB5D1C52CB6B0012B29D /* gameBeforeDishes.xcdatamodeld */ = {
			isa = XCVersionGroup;
			children = (
				BF7BFB5E1C52CB6B0012B29D /* gameBeforeDishes.xcdatamodel */,
			);
			currentVersion = BF7BFB5E1C52CB6B0012B29D /* gameBeforeDishes.xcdatamodel */;
			path = gameBeforeDishes.xcdatamodeld;
			sourceTree = "<group>";
			versionGroupType = wrapper.xcdatamodel;
		};
/* End XCVersionGroup section */
	};
	rootObject = BF7BFB461C52CB6A0012B29D /* Project object */;
}
